{
  "name": "Caddo Commissary",
  "lockfileVersion": 3,
  "requires": true,
  "packages": {
    "": {
      "dependencies": {
        "@tylertech/forge": "^3.9.2",
        "@tylertech/forge-extended": "^1.0.0"
      }
    },
    "node_modules/@babel/runtime-corejs3": {
      "version": "7.28.0",
      "resolved": "https://registry.npmjs.org/@babel/runtime-corejs3/-/runtime-corejs3-7.28.0.tgz",
      "integrity": "sha512-nlIXnSqLcBij8K8TtkxbBJgfzfvi75V1pAKSM7dUXejGw12vJAqez74jZrHTsJ3Z+Aczc5Q/6JgNjKRMsVU44g==",
      "license": "MIT",
      "dependencies": {
        "core-js-pure": "^3.43.0"
      },
      "engines": {
        "node": ">=6.9.0"
      }
    },
    "node_modules/@floating-ui/core": {
      "version": "1.7.2",
      "resolved": "https://registry.npmjs.org/@floating-ui/core/-/core-1.7.2.tgz",
      "integrity": "sha512-wNB5ooIKHQc+Kui96jE/n69rHFWAVoxn5CAzL1Xdd8FG03cgY3MLO+GF9U3W737fYDSgPWA6MReKhBQBop6Pcw==",
      "license": "MIT",
      "dependencies": {
        "@floating-ui/utils": "^0.2.10"
      }
    },
    "node_modules/@floating-ui/dom": {
      "version": "1.7.2",
      "resolved": "https://registry.npmjs.org/@floating-ui/dom/-/dom-1.7.2.tgz",
      "integrity": "sha512-7cfaOQuCS27HD7DX+6ib2OrnW+b4ZBwDNnCcT0uTyidcmyWb03FnQqJybDBoCnpdxwBSfA94UAYlRCt7mV+TbA==",
      "license": "MIT",
      "dependencies": {
        "@floating-ui/core": "^1.7.2",
        "@floating-ui/utils": "^0.2.10"
      }
    },
    "node_modules/@floating-ui/utils": {
      "version": "0.2.10",
      "resolved": "https://registry.npmjs.org/@floating-ui/utils/-/utils-0.2.10.tgz",
      "integrity": "sha512-aGTxbpbg8/b5JfU1HXSrbH3wXZuLPJcNEcZQFMxLs3oSzgtVu6nFPkbbGGUvBcUjKV2YyB9Wxxabo+HEH9tcRQ==",
      "license": "MIT"
    },
    "node_modules/@lit-labs/observers": {
      "version": "2.0.6",
      "resolved": "https://registry.npmjs.org/@lit-labs/observers/-/observers-2.0.6.tgz",
      "integrity": "sha512-m+fSQ0twckagzw7SG7DPvGO4qMfKqItIUREXwC7GTo4TWk2H4oz4ozAab5tdMtMqch3M9z4uIx3oPy9x/Ut2Ow==",
      "license": "BSD-3-Clause",
      "dependencies": {
        "@lit/reactive-element": "^1.0.0 || ^2.0.0",
        "lit-html": "^3.2.0"
      }
    },
    "node_modules/@lit-labs/ssr-dom-shim": {
      "version": "1.4.0",
      "resolved": "https://registry.npmjs.org/@lit-labs/ssr-dom-shim/-/ssr-dom-shim-1.4.0.tgz",
      "integrity": "sha512-ficsEARKnmmW5njugNYKipTm4SFnbik7CXtoencDZzmzo/dQ+2Q0bgkzJuoJP20Aj0F+izzJjOqsnkd6F/o1bw==",
      "license": "BSD-3-Clause"
    },
    "node_modules/@lit/reactive-element": {
      "version": "2.1.1",
      "resolved": "https://registry.npmjs.org/@lit/reactive-element/-/reactive-element-2.1.1.tgz",
      "integrity": "sha512-N+dm5PAYdQ8e6UlywyyrgI2t++wFGXfHx+dSJ1oBrg6FAxUj40jId++EaRm80MKX5JnlH1sBsyZ5h0bcZKemCg==",
      "license": "BSD-3-Clause",
      "dependencies": {
        "@lit-labs/ssr-dom-shim": "^1.4.0"
      }
    },
    "node_modules/@tylertech/forge": {
      "version": "3.9.2",
      "resolved": "https://registry.npmjs.org/@tylertech/forge/-/forge-3.9.2.tgz",
      "integrity": "sha512-f7zv9HeKLNsRBIiDkF391TlolsutXsF1m4PZJwBbc4ahjunrDHd4mF/2JR4v4gR+pDwY8bQRPxcZd2eMrybXzA==",
      "license": "Apache-2.0",
      "dependencies": {
        "@floating-ui/dom": "^1.7.1",
        "@tylertech/forge-core": "^3.2.1",
        "@tylertech/tyler-icons": "^2.0.3",
        "imask": "^7.6.1",
        "lit": "^3.3.0",
        "tslib": "^2.8.1"
      }
    },
    "node_modules/@tylertech/forge-core": {
      "version": "3.2.1",
      "resolved": "https://registry.npmjs.org/@tylertech/forge-core/-/forge-core-3.2.1.tgz",
      "integrity": "sha512-GoBrbIo1GeBlCv6hvpB46dGt52hztJh5KqNmMuztVDDR983eRT1SqhYbStnqSUlZ77pomn/RkPtdVPcoqL+VYQ==",
      "license": "Apache-2.0",
      "dependencies": {
        "tslib": "^2.8.1"
      }
    },
    "node_modules/@tylertech/forge-extended": {
      "version": "1.0.0",
      "resolved": "https://registry.npmjs.org/@tylertech/forge-extended/-/forge-extended-1.0.0.tgz",
      "integrity": "sha512-wqi7tsEL3Bplf7p92tJhJjfEaAmLA4eyscDVTUWurAC85NxECAK6BkarSlrlRDLoKtNzMCQ5IOdHlqF2+zFp1g==",
      "license": "Apache-2.0",
      "dependencies": {
        "@lit-labs/observers": "^2.0.5",
        "@tylertech/forge-core": "3.2.1",
        "@tylertech/tyler-icons": "2.0.3",
        "lit": "3.3.0"
      },
      "peerDependencies": {
        "@tylertech/forge": "^3.0.0"
      }
    },
    "node_modules/@tylertech/forge-extended/node_modules/@tylertech/tyler-icons": {
      "version": "2.0.3",
      "resolved": "https://registry.npmjs.org/@tylertech/tyler-icons/-/tyler-icons-2.0.3.tgz",
      "integrity": "sha512-uvKCLYfl4SlVIwu//8rGm1Lqu3b+o7YsHVHs8UEHi2693U/bb2P/gj2UdH6hEs+ujUvmp1niV0MP7HsTQ36I7Q==",
      "license": "Apache-2.0"
    },
    "node_modules/@tylertech/forge-extended/node_modules/lit": {
      "version": "3.3.0",
      "resolved": "https://registry.npmjs.org/lit/-/lit-3.3.0.tgz",
      "integrity": "sha512-DGVsqsOIHBww2DqnuZzW7QsuCdahp50ojuDaBPC7jUDRpYoH0z7kHBBYZewRzer75FwtrkmkKk7iOAwSaWdBmw==",
      "license": "BSD-3-Clause",
      "dependencies": {
        "@lit/reactive-element": "^2.1.0",
        "lit-element": "^4.2.0",
        "lit-html": "^3.3.0"
      }
    },
    "node_modules/@tylertech/tyler-icons": {
      "version": "2.0.4",
      "resolved": "https://registry.npmjs.org/@tylertech/tyler-icons/-/tyler-icons-2.0.4.tgz",
      "integrity": "sha512-CyYcR9I62m4jJqDocJwgSuil/VkugdGGWubTZEJvbx1bXSbEZOST5W33H2GFqkTPmNOUB4na+zptj3puz1NxRA==",
      "license": "Apache-2.0"
    },
    "node_modules/@types/trusted-types": {
      "version": "2.0.7",
      "resolved": "https://registry.npmjs.org/@types/trusted-types/-/trusted-types-2.0.7.tgz",
      "integrity": "sha512-ScaPdn1dQczgbl0QFTeTOmVHFULt394XJgOQNoyVhZ6r2vLnMLJfBPd53SB52T/3G36VI1/g2MZaX0cwDuXsfw==",
      "license": "MIT"
    },
    "node_modules/core-js-pure": {
      "version": "3.44.0",
      "resolved": "https://registry.npmjs.org/core-js-pure/-/core-js-pure-3.44.0.tgz",
      "integrity": "sha512-gvMQAGB4dfVUxpYD0k3Fq8J+n5bB6Ytl15lqlZrOIXFzxOhtPaObfkQGHtMRdyjIf7z2IeNULwi1jEwyS+ltKQ==",
      "hasInstallScript": true,
      "license": "MIT",
      "funding": {
        "type": "opencollective",
        "url": "https://opencollective.com/core-js"
      }
    },
    "node_modules/imask": {
      "version": "7.6.1",
      "resolved": "https://registry.npmjs.org/imask/-/imask-7.6.1.tgz",
      "integrity": "sha512-sJlIFM7eathUEMChTh9Mrfw/IgiWgJqBKq2VNbyXvBZ7ev/IlO6/KQTKlV/Fm+viQMLrFLG/zCuudrLIwgK2dg==",
      "license": "MIT",
      "dependencies": {
        "@babel/runtime-corejs3": "^7.24.4"
      },
      "engines": {
        "npm": ">=4.0.0"
      }
    },
    "node_modules/lit": {
      "version": "3.3.1",
      "resolved": "https://registry.npmjs.org/lit/-/lit-3.3.1.tgz",
      "integrity": "sha512-Ksr/8L3PTapbdXJCk+EJVB78jDodUMaP54gD24W186zGRARvwrsPfS60wae/SSCTCNZVPd1chXqio1qHQmu4NA==",
      "license": "BSD-3-Clause",
      "dependencies": {
        "@lit/reactive-element": "^2.1.0",
        "lit-element": "^4.2.0",
        "lit-html": "^3.3.0"
      }
    },
    "node_modules/lit-element": {
      "version": "4.2.1",
      "resolved": "https://registry.npmjs.org/lit-element/-/lit-element-4.2.1.tgz",
      "integrity": "sha512-WGAWRGzirAgyphK2urmYOV72tlvnxw7YfyLDgQ+OZnM9vQQBQnumQ7jUJe6unEzwGU3ahFOjuz1iz1jjrpCPuw==",
      "license": "BSD-3-Clause",
      "dependencies": {
        "@lit-labs/ssr-dom-shim": "^1.4.0",
        "@lit/reactive-element": "^2.1.0",
        "lit-html": "^3.3.0"
      }
    },
    "node_modules/lit-html": {
      "version": "3.3.1",
      "resolved": "https://registry.npmjs.org/lit-html/-/lit-html-3.3.1.tgz",
      "integrity": "sha512-S9hbyDu/vs1qNrithiNyeyv64c9yqiW9l+DBgI18fL+MTvOtWoFR0FWiyq1TxaYef5wNlpEmzlXoBlZEO+WjoA==",
      "license": "BSD-3-Clause",
      "dependencies": {
        "@types/trusted-types": "^2.0.2"
      }
    },
    "node_modules/tslib": {
      "version": "2.8.1",
      "resolved": "https://registry.npmjs.org/tslib/-/tslib-2.8.1.tgz",
      "integrity": "sha512-oJFu94HQb+KVduSUQL7wnpmqnfmLsOA/nAh6b6EH0wCEoK0/mPeXU6c3wKDV83MkOuHPRHtSXKKU99IBazS/2w==",
      "license": "0BSD"
    }
  }
}
